{
  "version": 4,
  "terraform_version": "1.4.6",
  "serial": 71,
  "lineage": "d002b78e-a969-ee77-65be-e25036a4f38b",
  "outputs": {
    "public_ip_address": {
      "value": "vm: 20.231.32.87",
      "type": "string"
    }
  },
  "resources": [
    {
      "mode": "data",
      "type": "azurerm_public_ip",
      "name": "ip_data",
      "provider": "provider[\"registry.terraform.io/hashicorp/azurerm\"]",
      "instances": [
        {
          "schema_version": 0,
          "attributes": {
            "allocation_method": "Dynamic",
            "domain_name_label": "",
            "fqdn": "",
            "id": "/subscriptions/971d1702-4e04-4ee8-8a00-a20a30ab547d/resourceGroups/resources/providers/Microsoft.Network/publicIPAddresses/dev-ip",
            "idle_timeout_in_minutes": 4,
            "ip_address": "20.231.32.87",
            "ip_tags": {},
            "ip_version": "IPv4",
            "location": "eastus",
            "name": "dev-ip",
            "resource_group_name": "resources",
            "reverse_fqdn": "",
            "sku": "Basic",
            "tags": {
              "environment": "dev"
            },
            "timeouts": null,
            "zones": []
          },
          "sensitive_attributes": []
        }
      ]
    },
    {
      "mode": "managed",
      "type": "azurerm_linux_virtual_machine",
      "name": "vm",
      "provider": "provider[\"registry.terraform.io/hashicorp/azurerm\"]",
      "instances": [
        {
          "schema_version": 0,
          "attributes": {
            "additional_capabilities": [],
            "admin_password": null,
            "admin_ssh_key": [
              {
                "public_key": "ssh-rsa AAAAB3NzaC1yc2EAAAADAQABAAABgQDB1AE16l43rS+Wud/XceBrDOZZ95gQ6CrZXP5M3a4VJ7yiuasqRdBC6PSVA19saQomdI1WB+MdstDilupn+K2OTfpOAgU6/u+aBF2s2X+0GvgK+iNmroPvRT3bK+rpy8M/3/+9feWX32wmNknbel1RVJXfKYK6hjzMscW6iBCvb43rALXa5IOGwbDpMMg7GRTmLIDCAWpMHUYbUTW8trKSyTE/3wd0DD17ZxJsPZTnN1NugiCZQZowOf6boz42Aa2GgmqkbEsqFCp/8MunBfKR1oXji+El8uUVCwcMFTVZiJiGFZoEaSxBGgIf/KYbPgN+anPphMQFHPo/1xAGdo9XOmS4axy5oUFLDl+LuS0hy8omURdCFEVJTkTjiPxAJ0yGZgclh63NxK+Wc+3db/8AX1fiLVn9ZISf5d4xUtiuc4rOA4IPC8/ZQKV05PKCEyz8RacZu837pQkLyrIkmaWc8De52BpfU9cDH0ER167pa4WX66p3Pbd0+xbpUEDCCVs= brian@Brian-Risen-One\r\n",
                "username": "adminuser"
              }
            ],
            "admin_username": "adminuser",
            "allow_extension_operations": true,
            "availability_set_id": "",
            "boot_diagnostics": [],
            "computer_name": "vm",
            "custom_data": "IyEvYmluL2Jhc2gNCnN1ZG8gYXB0LWdldCB1cGRhdGUgLXkgJiYNCnN1ZG8gYXB0LWdldCBpbnN0YWxsIC15IFwNCmFwdC10cmFuc3BvcnQtaHR0cHMgXA0KY2EtY2VydGlmaWNhdGVzIFwNCmN1cmwgXA0KZ251cGctYWdlbnRcDQpzb2Z0d2FyZS1wcm9wZXJ0aWVzLWNvbW1vbiAmJg0KY3VybCAtZnNTTCBodHRwczovL2Rvd25sb2FkLmRvY2tlci5jb20vbGludXgvdWJ1bnR1L2dwZyB8IHN1ZG8gYXB0LWtleSBhZGQgLSAmJg0Kc3VkbyBhZGQtYXB0LXJlcG9zaXRvcnkgImRlYiBbYXJjaC1hbWQ2NF0gaHR0cHM6Ly9kb3dubG9hZC5kb2NrZXIuY29tL2xpbnV4L3VidW50dSAkKGxzYl9yZWxlYXNlIC1jcykgc3RhYmxlIiAmJg0Kc3VkbyBhcHQtZ2V0IHVwZGF0ZSAteSAmJg0Kc3VkbyBzdWRvIGFwdC1nZXQgaW5zdGFsbCBkb2NrZXItY2UgZG9ja2VyLWNlLWNsaSBjb250YWluZXJkLmlvIC15ICYmDQpzdWRvIHVzZXJtb2QgLWFHIGRvY2tlciB1YnVudHU=",
            "dedicated_host_group_id": "",
            "dedicated_host_id": "",
            "disable_password_authentication": true,
            "edge_zone": "",
            "encryption_at_host_enabled": false,
            "eviction_policy": "",
            "extensions_time_budget": "PT1H30M",
            "id": "/subscriptions/971d1702-4e04-4ee8-8a00-a20a30ab547d/resourceGroups/resources/providers/Microsoft.Compute/virtualMachines/vm",
            "identity": [],
            "license_type": "",
            "location": "eastus",
            "max_bid_price": -1,
            "name": "vm",
            "network_interface_ids": [
              "/subscriptions/971d1702-4e04-4ee8-8a00-a20a30ab547d/resourceGroups/resources/providers/Microsoft.Network/networkInterfaces/nic"
            ],
            "os_disk": [
              {
                "caching": "ReadWrite",
                "diff_disk_settings": [],
                "disk_encryption_set_id": "",
                "disk_size_gb": 30,
                "name": "vm_disk1_5f93380f614241e7af5a5b5ff88bc60d",
                "storage_account_type": "Standard_LRS",
                "write_accelerator_enabled": false
              }
            ],
            "patch_mode": "ImageDefault",
            "plan": [],
            "platform_fault_domain": -1,
            "priority": "Regular",
            "private_ip_address": "10.0.1.4",
            "private_ip_addresses": [
              "10.0.1.4"
            ],
            "provision_vm_agent": true,
            "proximity_placement_group_id": "",
            "public_ip_address": "20.231.32.87",
            "public_ip_addresses": [
              "20.231.32.87"
            ],
            "resource_group_name": "resources",
            "secret": [],
            "secure_boot_enabled": false,
            "size": "Standard_B1s",
            "source_image_id": "",
            "source_image_reference": [
              {
                "offer": "UbuntuServer",
                "publisher": "Canonical",
                "sku": "18.04-LTS",
                "version": "latest"
              }
            ],
            "tags": {
              "environment": "dev"
            },
            "termination_notification": [],
            "timeouts": null,
            "user_data": "",
            "virtual_machine_id": "0f3702b6-6ead-4133-a9e4-464cdb6ed29b",
            "virtual_machine_scale_set_id": "",
            "vtpm_enabled": false,
            "zone": ""
          },
          "sensitive_attributes": [],
          "private": "eyJlMmJmYjczMC1lY2FhLTExZTYtOGY4OC0zNDM2M2JjN2M0YzAiOnsiY3JlYXRlIjoyNzAwMDAwMDAwMDAwLCJkZWxldGUiOjI3MDAwMDAwMDAwMDAsInJlYWQiOjMwMDAwMDAwMDAwMCwidXBkYXRlIjoyNzAwMDAwMDAwMDAwfX0=",
          "dependencies": [
            "azurerm_network_interface.nic",
            "azurerm_public_ip.pub_ip",
            "azurerm_resource_group.az-rg",
            "azurerm_subnet.subnet",
            "azurerm_virtual_network.az-network"
          ]
        }
      ]
    },
    {
      "mode": "managed",
      "type": "azurerm_network_interface",
      "name": "nic",
      "provider": "provider[\"registry.terraform.io/hashicorp/azurerm\"]",
      "instances": [
        {
          "schema_version": 0,
          "attributes": {
            "applied_dns_servers": [],
            "dns_servers": [],
            "edge_zone": "",
            "enable_accelerated_networking": false,
            "enable_ip_forwarding": false,
            "id": "/subscriptions/971d1702-4e04-4ee8-8a00-a20a30ab547d/resourceGroups/resources/providers/Microsoft.Network/networkInterfaces/nic",
            "internal_dns_name_label": "",
            "internal_domain_name_suffix": "v02wjbssilzehhe2he0psvivgh.bx.internal.cloudapp.net",
            "ip_configuration": [
              {
                "gateway_load_balancer_frontend_ip_configuration_id": "",
                "name": "internal",
                "primary": true,
                "private_ip_address": "10.0.1.4",
                "private_ip_address_allocation": "Dynamic",
                "private_ip_address_version": "IPv4",
                "public_ip_address_id": "/subscriptions/971d1702-4e04-4ee8-8a00-a20a30ab547d/resourceGroups/resources/providers/Microsoft.Network/publicIPAddresses/dev-ip",
                "subnet_id": "/subscriptions/971d1702-4e04-4ee8-8a00-a20a30ab547d/resourceGroups/resources/providers/Microsoft.Network/virtualNetworks/network/subnets/subnet"
              }
            ],
            "location": "eastus",
            "mac_address": "00-0D-3A-8E-5D-6E",
            "name": "nic",
            "private_ip_address": "10.0.1.4",
            "private_ip_addresses": [
              "10.0.1.4"
            ],
            "resource_group_name": "resources",
            "tags": {
              "VM": "NIC",
              "environment": "dev"
            },
            "timeouts": null,
            "virtual_machine_id": "/subscriptions/971d1702-4e04-4ee8-8a00-a20a30ab547d/resourceGroups/resources/providers/Microsoft.Compute/virtualMachines/vm"
          },
          "sensitive_attributes": [],
          "private": "eyJlMmJmYjczMC1lY2FhLTExZTYtOGY4OC0zNDM2M2JjN2M0YzAiOnsiY3JlYXRlIjoxODAwMDAwMDAwMDAwLCJkZWxldGUiOjE4MDAwMDAwMDAwMDAsInJlYWQiOjMwMDAwMDAwMDAwMCwidXBkYXRlIjoxODAwMDAwMDAwMDAwfX0=",
          "dependencies": [
            "azurerm_public_ip.pub_ip",
            "azurerm_resource_group.az-rg",
            "azurerm_subnet.subnet",
            "azurerm_virtual_network.az-network"
          ]
        }
      ]
    },
    {
      "mode": "managed",
      "type": "azurerm_network_security_group",
      "name": "sg",
      "provider": "provider[\"registry.terraform.io/hashicorp/azurerm\"]",
      "instances": [
        {
          "schema_version": 0,
          "attributes": {
            "id": "/subscriptions/971d1702-4e04-4ee8-8a00-a20a30ab547d/resourceGroups/resources/providers/Microsoft.Network/networkSecurityGroups/security_group",
            "location": "eastus",
            "name": "security_group",
            "resource_group_name": "resources",
            "security_rule": [
              {
                "access": "Allow",
                "description": "",
                "destination_address_prefix": "*",
                "destination_address_prefixes": [],
                "destination_application_security_group_ids": [],
                "destination_port_range": "*",
                "destination_port_ranges": [],
                "direction": "Inbound",
                "name": "dev_rule",
                "priority": 100,
                "protocol": "*",
                "source_address_prefix": "136.36.177.148/32",
                "source_address_prefixes": [],
                "source_application_security_group_ids": [],
                "source_port_range": "*",
                "source_port_ranges": []
              }
            ],
            "tags": {
              "environment": "dev"
            },
            "timeouts": null
          },
          "sensitive_attributes": [],
          "private": "eyJlMmJmYjczMC1lY2FhLTExZTYtOGY4OC0zNDM2M2JjN2M0YzAiOnsiY3JlYXRlIjoxODAwMDAwMDAwMDAwLCJkZWxldGUiOjE4MDAwMDAwMDAwMDAsInJlYWQiOjMwMDAwMDAwMDAwMCwidXBkYXRlIjoxODAwMDAwMDAwMDAwfX0=",
          "dependencies": [
            "azurerm_resource_group.az-rg"
          ]
        }
      ]
    },
    {
      "mode": "managed",
      "type": "azurerm_network_security_rule",
      "name": "sg_rule",
      "provider": "provider[\"registry.terraform.io/hashicorp/azurerm\"]",
      "instances": [
        {
          "schema_version": 0,
          "attributes": {
            "access": "Allow",
            "description": "",
            "destination_address_prefix": "*",
            "destination_address_prefixes": [],
            "destination_application_security_group_ids": [],
            "destination_port_range": "*",
            "destination_port_ranges": [],
            "direction": "Inbound",
            "id": "/subscriptions/971d1702-4e04-4ee8-8a00-a20a30ab547d/resourceGroups/resources/providers/Microsoft.Network/networkSecurityGroups/security_group/securityRules/dev_rule",
            "name": "dev_rule",
            "network_security_group_name": "security_group",
            "priority": 100,
            "protocol": "*",
            "resource_group_name": "resources",
            "source_address_prefix": "136.36.177.148/32",
            "source_address_prefixes": [],
            "source_application_security_group_ids": [],
            "source_port_range": "*",
            "source_port_ranges": [],
            "timeouts": null
          },
          "sensitive_attributes": [],
          "private": "eyJlMmJmYjczMC1lY2FhLTExZTYtOGY4OC0zNDM2M2JjN2M0YzAiOnsiY3JlYXRlIjoxODAwMDAwMDAwMDAwLCJkZWxldGUiOjE4MDAwMDAwMDAwMDAsInJlYWQiOjMwMDAwMDAwMDAwMCwidXBkYXRlIjoxODAwMDAwMDAwMDAwfX0=",
          "dependencies": [
            "azurerm_network_security_group.sg",
            "azurerm_resource_group.az-rg"
          ]
        }
      ]
    },
    {
      "mode": "managed",
      "type": "azurerm_public_ip",
      "name": "pub_ip",
      "provider": "provider[\"registry.terraform.io/hashicorp/azurerm\"]",
      "instances": [
        {
          "schema_version": 0,
          "attributes": {
            "allocation_method": "Dynamic",
            "domain_name_label": null,
            "edge_zone": "",
            "fqdn": null,
            "id": "/subscriptions/971d1702-4e04-4ee8-8a00-a20a30ab547d/resourceGroups/resources/providers/Microsoft.Network/publicIPAddresses/dev-ip",
            "idle_timeout_in_minutes": 4,
            "ip_address": "20.231.32.87",
            "ip_tags": {},
            "ip_version": "IPv4",
            "location": "eastus",
            "name": "dev-ip",
            "public_ip_prefix_id": null,
            "resource_group_name": "resources",
            "reverse_fqdn": null,
            "sku": "Basic",
            "sku_tier": "Regional",
            "tags": {
              "environment": "dev"
            },
            "timeouts": null,
            "zones": []
          },
          "sensitive_attributes": [],
          "private": "eyJlMmJmYjczMC1lY2FhLTExZTYtOGY4OC0zNDM2M2JjN2M0YzAiOnsiY3JlYXRlIjoxODAwMDAwMDAwMDAwLCJkZWxldGUiOjE4MDAwMDAwMDAwMDAsInJlYWQiOjMwMDAwMDAwMDAwMCwidXBkYXRlIjoxODAwMDAwMDAwMDAwfX0=",
          "dependencies": [
            "azurerm_resource_group.az-rg"
          ]
        }
      ]
    },
    {
      "mode": "managed",
      "type": "azurerm_resource_group",
      "name": "az-rg",
      "provider": "provider[\"registry.terraform.io/hashicorp/azurerm\"]",
      "instances": [
        {
          "schema_version": 0,
          "attributes": {
            "id": "/subscriptions/971d1702-4e04-4ee8-8a00-a20a30ab547d/resourceGroups/resources",
            "location": "eastus",
            "name": "resources",
            "tags": {
              "anything": "yes",
              "environment": "dev",
              "source": "test"
            },
            "timeouts": null
          },
          "sensitive_attributes": [],
          "private": "eyJlMmJmYjczMC1lY2FhLTExZTYtOGY4OC0zNDM2M2JjN2M0YzAiOnsiY3JlYXRlIjo1NDAwMDAwMDAwMDAwLCJkZWxldGUiOjU0MDAwMDAwMDAwMDAsInJlYWQiOjMwMDAwMDAwMDAwMCwidXBkYXRlIjo1NDAwMDAwMDAwMDAwfX0="
        }
      ]
    },
    {
      "mode": "managed",
      "type": "azurerm_subnet",
      "name": "subnet",
      "provider": "provider[\"registry.terraform.io/hashicorp/azurerm\"]",
      "instances": [
        {
          "schema_version": 0,
          "attributes": {
            "address_prefixes": [
              "10.0.1.0/24"
            ],
            "delegation": [],
            "enforce_private_link_endpoint_network_policies": false,
            "enforce_private_link_service_network_policies": false,
            "id": "/subscriptions/971d1702-4e04-4ee8-8a00-a20a30ab547d/resourceGroups/resources/providers/Microsoft.Network/virtualNetworks/network/subnets/subnet",
            "name": "subnet",
            "resource_group_name": "resources",
            "service_endpoint_policy_ids": [],
            "service_endpoints": [],
            "timeouts": null,
            "virtual_network_name": "network"
          },
          "sensitive_attributes": [],
          "private": "eyJlMmJmYjczMC1lY2FhLTExZTYtOGY4OC0zNDM2M2JjN2M0YzAiOnsiY3JlYXRlIjoxODAwMDAwMDAwMDAwLCJkZWxldGUiOjE4MDAwMDAwMDAwMDAsInJlYWQiOjMwMDAwMDAwMDAwMCwidXBkYXRlIjoxODAwMDAwMDAwMDAwfX0=",
          "dependencies": [
            "azurerm_resource_group.az-rg",
            "azurerm_virtual_network.az-network"
          ]
        }
      ]
    },
    {
      "mode": "managed",
      "type": "azurerm_subnet_network_security_group_association",
      "name": "sga",
      "provider": "provider[\"registry.terraform.io/hashicorp/azurerm\"]",
      "instances": [
        {
          "schema_version": 0,
          "attributes": {
            "id": "/subscriptions/971d1702-4e04-4ee8-8a00-a20a30ab547d/resourceGroups/resources/providers/Microsoft.Network/virtualNetworks/network/subnets/subnet",
            "network_security_group_id": "/subscriptions/971d1702-4e04-4ee8-8a00-a20a30ab547d/resourceGroups/resources/providers/Microsoft.Network/networkSecurityGroups/security_group",
            "subnet_id": "/subscriptions/971d1702-4e04-4ee8-8a00-a20a30ab547d/resourceGroups/resources/providers/Microsoft.Network/virtualNetworks/network/subnets/subnet",
            "timeouts": null
          },
          "sensitive_attributes": [],
          "private": "eyJlMmJmYjczMC1lY2FhLTExZTYtOGY4OC0zNDM2M2JjN2M0YzAiOnsiY3JlYXRlIjoxODAwMDAwMDAwMDAwLCJkZWxldGUiOjE4MDAwMDAwMDAwMDAsInJlYWQiOjMwMDAwMDAwMDAwMCwidXBkYXRlIjoxODAwMDAwMDAwMDAwfX0=",
          "dependencies": [
            "azurerm_network_security_group.sg",
            "azurerm_resource_group.az-rg",
            "azurerm_subnet.subnet",
            "azurerm_virtual_network.az-network"
          ]
        }
      ]
    },
    {
      "mode": "managed",
      "type": "azurerm_virtual_network",
      "name": "az-network",
      "provider": "provider[\"registry.terraform.io/hashicorp/azurerm\"]",
      "instances": [
        {
          "schema_version": 0,
          "attributes": {
            "address_space": [
              "10.0.0.0/16"
            ],
            "bgp_community": "",
            "ddos_protection_plan": [],
            "dns_servers": [],
            "edge_zone": "",
            "flow_timeout_in_minutes": 0,
            "guid": "8664b9ae-4252-43f2-9c9c-3934f9551537",
            "id": "/subscriptions/971d1702-4e04-4ee8-8a00-a20a30ab547d/resourceGroups/resources/providers/Microsoft.Network/virtualNetworks/network",
            "location": "eastus",
            "name": "network",
            "resource_group_name": "resources",
            "subnet": [
              {
                "address_prefix": "10.0.1.0/24",
                "id": "/subscriptions/971d1702-4e04-4ee8-8a00-a20a30ab547d/resourceGroups/resources/providers/Microsoft.Network/virtualNetworks/network/subnets/subnet",
                "name": "subnet",
                "security_group": "/subscriptions/971d1702-4e04-4ee8-8a00-a20a30ab547d/resourceGroups/resources/providers/Microsoft.Network/networkSecurityGroups/security_group"
              }
            ],
            "tags": {
              "environment": "dev",
              "network": "up"
            },
            "timeouts": null
          },
          "sensitive_attributes": [],
          "private": "eyJlMmJmYjczMC1lY2FhLTExZTYtOGY4OC0zNDM2M2JjN2M0YzAiOnsiY3JlYXRlIjoxODAwMDAwMDAwMDAwLCJkZWxldGUiOjE4MDAwMDAwMDAwMDAsInJlYWQiOjMwMDAwMDAwMDAwMCwidXBkYXRlIjoxODAwMDAwMDAwMDAwfX0=",
          "dependencies": [
            "azurerm_resource_group.az-rg"
          ]
        }
      ]
    }
  ],
  "check_results": null
}
